github.com/ebitengine/purego v0.9.1 h1:a/k2f2HQU3Pi399RPW1MOaZyhKJL9w/xFpKAg4q1s0A=
github.com/ebitengine/purego v0.9.1/go.mod h1:iIjxzd6CiRiOG0UyXP+V1+jWqUXVjPKLAI0mRfJZTmQ=
github.com/google/go-cmp v0.7.0 h1:wk8382ETsv4JYUZwIsn6YpYiWiBsYLSJiTsyBybVuN8=
github.com/google/go-cmp v0.7.0/go.mod h1:pXiqmnSA92OHEEa9HXL2W4E7lf9JzCmGVUdgjX3N/iU=
github.com/tink-crypto/tink-go/v2 v2.6.0 h1:+KHNBHhWH33Vn+igZWcsgdEPUxKwBMEe0QC60t388v4=
github.com/tink-crypto/tink-go/v2 v2.6.0/go.mod h1:2WbBA6pfNsAfBwDCggboaHeB2X29wkU8XHtGwh2YIk8=
golang.org/x/crypto v0.46.0 h1:cKRW/pmt1pKAfetfu+RCEvjvZkA9RimPbh7bhFjGVBU=
golang.org/x/crypto v0.46.0/go.mod h1:Evb/oLKmMraqjZ2iQTwDwvCtJkczlDuTmdJXoZVzqU0=
golang.org/x/oauth2 v0.34.0 h1:hqK/t4AKgbqWkdkcAeI8XLmbK+4m4G5YeQRrmiotGlw=
golang.org/x/oauth2 v0.34.0/go.mod h1:lzm5WQJQwKZ3nwavOZ3IS5Aulzxi68dUSgRHujetwEA=
golang.org/x/sys v0.39.0 h1:CvCKL8MeisomCi6qNZ+wbb0DN9E5AATixKsvNtMoMFk=
golang.org/x/sys v0.39.0/go.mod h1:OgkHotnGiDImocRcuBABYBEXf8A9a87e/uXjp9XT3ks=
google.golang.org/protobuf v1.36.11 h1:fV6ZwhNocDyBLK0dj+fg8ektcVegBBuEolpbTQyBNVE=
google.golang.org/protobuf v1.36.11/go.mod h1:HTf+CrKn2C3g5S8VImy6tdcUvCska2kB7j23XfzDpco=
lds.li/keychain v0.0.0-20260125161459-7523d5fe457b h1:WZ8TdMS+Plu36Z4HXDk6gid5oVYT0ij8ukPUvJteXW4=
lds.li/keychain v0.0.0-20260125161459-7523d5fe457b/go.mod h1:7FBBMA51yibUWiHqAGjboezcfq0AyzKf6153Z1VKceM=
lds.li/keychain v0.0.0-20260125185908-f8f1d7c9b396 h1:Ci3oPkVt6w3dsW37OVjRx4Jt2NP1xjsN6bN0KvjRwEk=
lds.li/keychain v0.0.0-20260125185908-f8f1d7c9b396/go.mod h1:7FBBMA51yibUWiHqAGjboezcfq0AyzKf6153Z1VKceM=
lds.li/keychain v0.0.0-20260125191015-a9e54317a85c h1:X4fYg+GGKepHZQ6D3He+HEF/80Di9dBxS8GC5hU5i4Y=
lds.li/keychain v0.0.0-20260125191015-a9e54317a85c/go.mod h1:7FBBMA51yibUWiHqAGjboezcfq0AyzKf6153Z1VKceM=
lds.li/keychain v0.1.0 h1:qyQGNM3a2/dCRXQB8p4C8e7Q/ZTtAHOfbeymFQ7uY/8=
lds.li/keychain v0.1.0/go.mod h1:7FBBMA51yibUWiHqAGjboezcfq0AyzKf6153Z1VKceM=
lds.li/keychain v0.1.1-0.20260207204813-c020dde5cf1c h1:1+hgb/aGwTMgMArU+uNM1OzsHs0Y4NkP8CHtsylYgfQ=
lds.li/keychain v0.1.1-0.20260207204813-c020dde5cf1c/go.mod h1:7FBBMA51yibUWiHqAGjboezcfq0AyzKf6153Z1VKceM=
